
Microsoft Visual Studio Solution File, Format Version 12.00
# Visual Studio Version 17
VisualStudioVersion = 17.14.36518.9 d17.14
MinimumVisualStudioVersion = 10.0.40219.1
Project("{8BC9CEB8-8B4A-11D0-8D11-00A0C91BC942}") = "MiniNeuron", "MiniNeuron\MiniNeuron.vcxproj", "{6F4F7E92-419A-40B9-88B4-4E32B097D35C}"
EndProject
Project("{8BC9CEB8-8B4A-11D0-8D11-00A0C91BC942}") = "mnist-test", "mnist-test\mnist-test.vcxproj", "{408E5A41-3C7D-4A5A-B523-5D3EB05C9DD6}"
EndProject
Global
	GlobalSection(SolutionConfigurationPlatforms) = preSolution
		Debug|x64 = Debug|x64
		Debug|x86 = Debug|x86
		Release|x64 = Release|x64
		Release|x86 = Release|x86
	EndGlobalSection
	GlobalSection(ProjectConfigurationPlatforms) = postSolution
		{6F4F7E92-419A-40B9-88B4-4E32B097D35C}.Debug|x64.ActiveCfg = Debug|x64
		{6F4F7E92-419A-40B9-88B4-4E32B097D35C}.Debug|x64.Build.0 = Debug|x64
		{6F4F7E92-419A-40B9-88B4-4E32B097D35C}.Debug|x86.ActiveCfg = Debug|Win32
		{6F4F7E92-419A-40B9-88B4-4E32B097D35C}.Debug|x86.Build.0 = Debug|Win32
		{6F4F7E92-419A-40B9-88B4-4E32B097D35C}.Release|x64.ActiveCfg = Release|x64
		{6F4F7E92-419A-40B9-88B4-4E32B097D35C}.Release|x64.Build.0 = Release|x64
		{6F4F7E92-419A-40B9-88B4-4E32B097D35C}.Release|x86.ActiveCfg = Release|Win32
		{6F4F7E92-419A-40B9-88B4-4E32B097D35C}.Release|x86.Build.0 = Release|Win32
		{408E5A41-3C7D-4A5A-B523-5D3EB05C9DD6}.Debug|x64.ActiveCfg = Debug|x64
		{408E5A41-3C7D-4A5A-B523-5D3EB05C9DD6}.Debug|x64.Build.0 = Debug|x64
		{408E5A41-3C7D-4A5A-B523-5D3EB05C9DD6}.Debug|x86.ActiveCfg = Debug|Win32
		{408E5A41-3C7D-4A5A-B523-5D3EB05C9DD6}.Debug|x86.Build.0 = Debug|Win32
		{408E5A41-3C7D-4A5A-B523-5D3EB05C9DD6}.Release|x64.ActiveCfg = Release|x64
		{408E5A41-3C7D-4A5A-B523-5D3EB05C9DD6}.Release|x64.Build.0 = Release|x64
		{408E5A41-3C7D-4A5A-B523-5D3EB05C9DD6}.Release|x86.ActiveCfg = Release|Win32
		{408E5A41-3C7D-4A5A-B523-5D3EB05C9DD6}.Release|x86.Build.0 = Release|Win32
	EndGlobalSection
	GlobalSection(SolutionProperties) = preSolution
		HideSolutionNode = FALSE
	EndGlobalSection
	GlobalSection(ExtensibilityGlobals) = postSolution
		SolutionGuid = {FE782137-2F2C-4609-9FE2-AA9241D73C43}
	EndGlobalSection
EndGlobal
